
Microsoft Visual Studio Solution File, Format Version 12.00
# Visual Studio Version 17
VisualStudioVersion = 17.2.32616.157
MinimumVisualStudioVersion = 10.0.40219.1
Project("{FAE04EC0-301F-11D3-BF4B-00C04F79EFBC}") = "ENG101Sort", "ENG101Sort\ENG101Sort.csproj", "{F215899A-77A0-4241-AA6D-0D4022C9516B}"
EndProject
Project("{FAE04EC0-301F-11D3-BF4B-00C04F79EFBC}") = "ENG101Sort_Window", "ENG101Sort_Window\ENG101Sort_Window.csproj", "{8D27FF18-052A-465A-9B5B-F1620EF4C978}"
EndProject
Global
	GlobalSection(SolutionConfigurationPlatforms) = preSolution
		Debug|Any CPU = Debug|Any CPU
		Release|Any CPU = Release|Any CPU
	EndGlobalSection
	GlobalSection(ProjectConfigurationPlatforms) = postSolution
		{F215899A-77A0-4241-AA6D-0D4022C9516B}.Debug|Any CPU.ActiveCfg = Debug|Any CPU
		{F215899A-77A0-4241-AA6D-0D4022C9516B}.Debug|Any CPU.Build.0 = Debug|Any CPU
		{F215899A-77A0-4241-AA6D-0D4022C9516B}.Release|Any CPU.ActiveCfg = Release|Any CPU
		{F215899A-77A0-4241-AA6D-0D4022C9516B}.Release|Any CPU.Build.0 = Release|Any CPU
		{8D27FF18-052A-465A-9B5B-F1620EF4C978}.Debug|Any CPU.ActiveCfg = Debug|Any CPU
		{8D27FF18-052A-465A-9B5B-F1620EF4C978}.Debug|Any CPU.Build.0 = Debug|Any CPU
		{8D27FF18-052A-465A-9B5B-F1620EF4C978}.Release|Any CPU.ActiveCfg = Release|Any CPU
		{8D27FF18-052A-465A-9B5B-F1620EF4C978}.Release|Any CPU.Build.0 = Release|Any CPU
	EndGlobalSection
	GlobalSection(SolutionProperties) = preSolution
		HideSolutionNode = FALSE
	EndGlobalSection
	GlobalSection(ExtensibilityGlobals) = postSolution
		SolutionGuid = {F7CE83D7-1441-4F09-866B-77446A1F4303}
	EndGlobalSection
EndGlobal
